
Microsoft Visual Studio Solution File, Format Version 12.00
# Visual Studio Version 16
VisualStudioVersion = 16.0.30413.136
MinimumVisualStudioVersion = 10.0.40219.1
Project("{FAE04EC0-301F-11D3-BF4B-00C04F79EFBC}") = "AplicacionConsolaC_08092020", "AplicacionConsolaC_08092020.csproj", "{98A05313-5C34-4A79-B78E-1D2097336EE8}"
EndProject
Global
	GlobalSection(SolutionConfigurationPlatforms) = preSolution
		Debug|Any CPU = Debug|Any CPU
		Release|Any CPU = Release|Any CPU
	EndGlobalSection
	GlobalSection(ProjectConfigurationPlatforms) = postSolution
		{98A05313-5C34-4A79-B78E-1D2097336EE8}.Debug|Any CPU.ActiveCfg = Debug|Any CPU
		{98A05313-5C34-4A79-B78E-1D2097336EE8}.Debug|Any CPU.Build.0 = Debug|Any CPU
		{98A05313-5C34-4A79-B78E-1D2097336EE8}.Release|Any CPU.ActiveCfg = Release|Any CPU
		{98A05313-5C34-4A79-B78E-1D2097336EE8}.Release|Any CPU.Build.0 = Release|Any CPU
	EndGlobalSection
	GlobalSection(SolutionProperties) = preSolution
		HideSolutionNode = FALSE
	EndGlobalSection
	GlobalSection(ExtensibilityGlobals) = postSolution
		SolutionGuid = {CD55B3F9-F38B-4E96-95A0-EEECB7353503}
	EndGlobalSection
EndGlobal
