
Microsoft Visual Studio Solution File, Format Version 12.00
# Visual Studio Version 16
VisualStudioVersion = 16.0.30413.136
MinimumVisualStudioVersion = 10.0.40219.1
Project("{FAE04EC0-301F-11D3-BF4B-00C04F79EFBC}") = "primera", "primera.csproj", "{2DBCDFBC-A4C3-431E-A06C-52D75B74F23A}"
EndProject
Global
	GlobalSection(SolutionConfigurationPlatforms) = preSolution
		Debug|Any CPU = Debug|Any CPU
		Release|Any CPU = Release|Any CPU
	EndGlobalSection
	GlobalSection(ProjectConfigurationPlatforms) = postSolution
		{2DBCDFBC-A4C3-431E-A06C-52D75B74F23A}.Debug|Any CPU.ActiveCfg = Debug|Any CPU
		{2DBCDFBC-A4C3-431E-A06C-52D75B74F23A}.Debug|Any CPU.Build.0 = Debug|Any CPU
		{2DBCDFBC-A4C3-431E-A06C-52D75B74F23A}.Release|Any CPU.ActiveCfg = Release|Any CPU
		{2DBCDFBC-A4C3-431E-A06C-52D75B74F23A}.Release|Any CPU.Build.0 = Release|Any CPU
	EndGlobalSection
	GlobalSection(SolutionProperties) = preSolution
		HideSolutionNode = FALSE
	EndGlobalSection
	GlobalSection(ExtensibilityGlobals) = postSolution
		SolutionGuid = {84F14F7A-A6E9-4DF6-9692-B9EDFEDD6605}
	EndGlobalSection
EndGlobal
